
Microsoft Visual Studio Solution File, Format Version 12.00
# Visual Studio Version 17
VisualStudioVersion = 17.1.32407.343
MinimumVisualStudioVersion = 10.0.40219.1
Project("{9A19103F-16F7-4668-BE54-9A1E7A4F7556}") = "Parking", "Parking\Parking.csproj", "{B6E2B7B8-22A8-477C-A5DE-D0B86720C546}"
EndProject
Project("{2150E333-8FDC-42A3-9474-1A3956D46DE8}") = "LinqPad", "LinqPad", "{96558108-F2F4-4C92-9EFE-62D42F9A5F4B}"
	ProjectSection(SolutionItems) = preProject
		LinqPad\20220509.01 日期相關處理.linq = LinqPad\20220509.01 日期相關處理.linq
		LinqPad\20220620 03.03.50 二維陣列練習.linq = LinqPad\20220620 03.03.50 二維陣列練習.linq
		LinqPad\20220729 發票中獎.linq = LinqPad\20220729 發票中獎.linq
	EndProjectSection
EndProject
Project("{9A19103F-16F7-4668-BE54-9A1E7A4F7556}") = "LeaveHours", "LeaveHours\LeaveHours.csproj", "{F3EE16D4-CA6C-4F1B-A8CF-8AEB38056B77}"
EndProject
Project("{9A19103F-16F7-4668-BE54-9A1E7A4F7556}") = "ScoreSample", "Score\ScoreSample.csproj", "{130A2DF5-B0E6-41CD-83FA-90CA17526D61}"
EndProject
Project("{9A19103F-16F7-4668-BE54-9A1E7A4F7556}") = "TwoDimensionArray", "TwoDimensionArray\TwoDimensionArray.csproj", "{29D8C607-8274-4925-A5E2-89F6E9EC6B80}"
EndProject
Project("{9A19103F-16F7-4668-BE54-9A1E7A4F7556}") = "Game_Dice", "Game_Dice\Game_Dice.csproj", "{3458F058-725F-4152-B719-334D1892DC01}"
EndProject
Project("{2150E333-8FDC-42A3-9474-1A3956D46DE8}") = "20220820 判斷是否為閨年", "20220820 判斷是否為閨年", "{32786B04-4B33-4383-8A6E-0CA4C96B0188}"
	ProjectSection(SolutionItems) = preProject
		LinqPad\20220820 判斷是否為閨年\Func.linq = LinqPad\20220820 判斷是否為閨年\Func.linq
		LinqPad\20220820 判斷是否為閨年\Local Function.png = LinqPad\20220820 判斷是否為閨年\Local Function.png
	EndProjectSection
EndProject
Global
	GlobalSection(SolutionConfigurationPlatforms) = preSolution
		Debug|Any CPU = Debug|Any CPU
		Release|Any CPU = Release|Any CPU
	EndGlobalSection
	GlobalSection(ProjectConfigurationPlatforms) = postSolution
		{B6E2B7B8-22A8-477C-A5DE-D0B86720C546}.Debug|Any CPU.ActiveCfg = Debug|Any CPU
		{B6E2B7B8-22A8-477C-A5DE-D0B86720C546}.Debug|Any CPU.Build.0 = Debug|Any CPU
		{B6E2B7B8-22A8-477C-A5DE-D0B86720C546}.Release|Any CPU.ActiveCfg = Release|Any CPU
		{B6E2B7B8-22A8-477C-A5DE-D0B86720C546}.Release|Any CPU.Build.0 = Release|Any CPU
		{F3EE16D4-CA6C-4F1B-A8CF-8AEB38056B77}.Debug|Any CPU.ActiveCfg = Debug|Any CPU
		{F3EE16D4-CA6C-4F1B-A8CF-8AEB38056B77}.Debug|Any CPU.Build.0 = Debug|Any CPU
		{F3EE16D4-CA6C-4F1B-A8CF-8AEB38056B77}.Release|Any CPU.ActiveCfg = Release|Any CPU
		{F3EE16D4-CA6C-4F1B-A8CF-8AEB38056B77}.Release|Any CPU.Build.0 = Release|Any CPU
		{130A2DF5-B0E6-41CD-83FA-90CA17526D61}.Debug|Any CPU.ActiveCfg = Debug|Any CPU
		{130A2DF5-B0E6-41CD-83FA-90CA17526D61}.Debug|Any CPU.Build.0 = Debug|Any CPU
		{130A2DF5-B0E6-41CD-83FA-90CA17526D61}.Release|Any CPU.ActiveCfg = Release|Any CPU
		{130A2DF5-B0E6-41CD-83FA-90CA17526D61}.Release|Any CPU.Build.0 = Release|Any CPU
		{29D8C607-8274-4925-A5E2-89F6E9EC6B80}.Debug|Any CPU.ActiveCfg = Debug|Any CPU
		{29D8C607-8274-4925-A5E2-89F6E9EC6B80}.Debug|Any CPU.Build.0 = Debug|Any CPU
		{29D8C607-8274-4925-A5E2-89F6E9EC6B80}.Release|Any CPU.ActiveCfg = Release|Any CPU
		{29D8C607-8274-4925-A5E2-89F6E9EC6B80}.Release|Any CPU.Build.0 = Release|Any CPU
		{3458F058-725F-4152-B719-334D1892DC01}.Debug|Any CPU.ActiveCfg = Debug|Any CPU
		{3458F058-725F-4152-B719-334D1892DC01}.Debug|Any CPU.Build.0 = Debug|Any CPU
		{3458F058-725F-4152-B719-334D1892DC01}.Release|Any CPU.ActiveCfg = Release|Any CPU
		{3458F058-725F-4152-B719-334D1892DC01}.Release|Any CPU.Build.0 = Release|Any CPU
	EndGlobalSection
	GlobalSection(SolutionProperties) = preSolution
		HideSolutionNode = FALSE
	EndGlobalSection
	GlobalSection(NestedProjects) = preSolution
		{32786B04-4B33-4383-8A6E-0CA4C96B0188} = {96558108-F2F4-4C92-9EFE-62D42F9A5F4B}
	EndGlobalSection
	GlobalSection(ExtensibilityGlobals) = postSolution
		SolutionGuid = {DBB1E667-FA60-4C11-8AC0-AA37C0646360}
	EndGlobalSection
EndGlobal
